// !$*UTF8*$!
{
	archiveVersion = 1;
	classes = {
	};
	objectVersion = 50;
	objects = {

/* Begin PBXBuildFile section */
		53356F91229DE511007CA5DA /* AppDelegate.swift in Sources */ = {isa = PBXBuildFile; fileRef = 53356F90229DE511007CA5DA /* AppDelegate.swift */; };
		53356F93229DE511007CA5DA /*  ViewController.swift in Sources */ = {isa = PBXBuildFile; fileRef = 53356F92229DE511007CA5DA /*  ViewController.swift */; };
		53356F96229DE511007CA5DA /* Main.storyboard in Resources */ = {isa = PBXBuildFile; fileRef = 53356F94229DE511007CA5DA /* Main.storyboard */; };
		53356F98229DE513007CA5DA /* Assets.xcassets in Resources */ = {isa = PBXBuildFile; fileRef = 53356F97229DE513007CA5DA /* Assets.xcassets */; };
		53356F9B229DE513007CA5DA /* LaunchScreen.storyboard in Resources */ = {isa = PBXBuildFile; fileRef = 53356F99229DE513007CA5DA /* LaunchScreen.storyboard */; };
		53356FA6229E0656007CA5DA /* DogAPI.swift in Sources */ = {isa = PBXBuildFile; fileRef = 53356FA5229E0656007CA5DA /* DogAPI.swift */; };
		53356FA822A01FCE007CA5DA /* DogImage.swift in Sources */ = {isa = PBXBuildFile; fileRef = 53356FA722A01FCE007CA5DA /* DogImage.swift */; };
		53356FAA22A9D207007CA5DA /* BreedsListResponse.swift in Sources */ = {isa = PBXBuildFile; fileRef = 53356FA922A9D207007CA5DA /* BreedsListResponse.swift */; };
/* End PBXBuildFile section */

/* Begin PBXFileReference section */
		53356F8D229DE511007CA5DA /* Randog.app */ = {isa = PBXFileReference; explicitFileType = wrapper.application; includeInIndex = 0; path = Randog.app; sourceTree = BUILT_PRODUCTS_DIR; };
		53356F90229DE511007CA5DA /* AppDelegate.swift */ = {isa = PBXFileReference; lastKnownFileType = sourcecode.swift; path = AppDelegate.swift; sourceTree = "<group>"; };
		53356F92229DE511007CA5DA /*  ViewController.swift */ = {isa = PBXFileReference; lastKnownFileType = sourcecode.swift; path = " ViewController.swift"; sourceTree = "<group>"; };
		53356F95229DE511007CA5DA /* Base */ = {isa = PBXFileReference; lastKnownFileType = file.storyboard; name = Base; path = Base.lproj/Main.storyboard; sourceTree = "<group>"; };
		53356F97229DE513007CA5DA /* Assets.xcassets */ = {isa = PBXFileReference; lastKnownFileType = folder.assetcatalog; path = Assets.xcassets; sourceTree = "<group>"; };
		53356F9A229DE513007CA5DA /* Base */ = {isa = PBXFileReference; lastKnownFileType = file.storyboard; name = Base; path = Base.lproj/LaunchScreen.storyboard; sourceTree = "<group>"; };
		53356F9C229DE513007CA5DA /* Info.plist */ = {isa = PBXFileReference; lastKnownFileType = text.plist.xml; path = Info.plist; sourceTree = "<group>"; };
		53356FA5229E0656007CA5DA /* DogAPI.swift */ = {isa = PBXFileReference; lastKnownFileType = sourcecode.swift; path = DogAPI.swift; sourceTree = "<group>"; };
		53356FA722A01FCE007CA5DA /* DogImage.swift */ = {isa = PBXFileReference; lastKnownFileType = sourcecode.swift; path = DogImage.swift; sourceTree = "<group>"; };
		53356FA922A9D207007CA5DA /* BreedsListResponse.swift */ = {isa = PBXFileReference; lastKnownFileType = sourcecode.swift; path = BreedsListResponse.swift; sourceTree = "<group>"; };
/* End PBXFileReference section */

/* Begin PBXFrameworksBuildPhase section */
		53356F8A229DE510007CA5DA /* Frameworks */ = {
			isa = PBXFrameworksBuildPhase;
			buildActionMask = 2147483647;
			files = (
			);
			runOnlyForDeploymentPostprocessing = 0;
		};
/* End PBXFrameworksBuildPhase section */

/* Begin PBXGroup section */
		53356F84229DE510007CA5DA = {
			isa = PBXGroup;
			children = (
				53356F8F229DE511007CA5DA /* Randog */,
				53356F8E229DE511007CA5DA /* Products */,
			);
			sourceTree = "<group>";
		};
		53356F8E229DE511007CA5DA /* Products */ = {
			isa = PBXGroup;
			children = (
				53356F8D229DE511007CA5DA /* Randog.app */,
			);
			name = Products;
			sourceTree = "<group>";
		};
		53356F8F229DE511007CA5DA /* Randog */ = {
			isa = PBXGroup;
			children = (
				53356FA4229E05A0007CA5DA /* Model */,
				53356FA2229DE55B007CA5DA /* Controller */,
				53356FA3229DE56C007CA5DA /* View */,
				53356F9C229DE513007CA5DA /* Info.plist */,
			);
			path = Randog;
			sourceTree = "<group>";
		};
		53356FA2229DE55B007CA5DA /* Controller */ = {
			isa = PBXGroup;
			children = (
				53356F90229DE511007CA5DA /* AppDelegate.swift */,
				53356F92229DE511007CA5DA /*  ViewController.swift */,
			);
			path = Controller;
			sourceTree = "<group>";
		};
		53356FA3229DE56C007CA5DA /* View */ = {
			isa = PBXGroup;
			children = (
				53356F94229DE511007CA5DA /* Main.storyboard */,
				53356F97229DE513007CA5DA /* Assets.xcassets */,
				53356F99229DE513007CA5DA /* LaunchScreen.storyboard */,
			);
			path = View;
			sourceTree = "<group>";
		};
		53356FA4229E05A0007CA5DA /* Model */ = {
			isa = PBXGroup;
			children = (
				53356FA5229E0656007CA5DA /* DogAPI.swift */,
				53356FA722A01FCE007CA5DA /* DogImage.swift */,
				53356FA922A9D207007CA5DA /* BreedsListResponse.swift */,
			);
			path = Model;
			sourceTree = "<group>";
		};
/* End PBXGroup section */

/* Begin PBXNativeTarget section */
		53356F8C229DE510007CA5DA /* Randog */ = {
			isa = PBXNativeTarget;
			buildConfigurationList = 53356F9F229DE513007CA5DA /* Build configuration list for PBXNativeTarget "Randog" */;
			buildPhases = (
				53356F89229DE510007CA5DA /* Sources */,
				53356F8A229DE510007CA5DA /* Frameworks */,
				53356F8B229DE510007CA5DA /* Resources */,
			);
			buildRules = (
			);
			dependencies = (
			);
			name = Randog;
			productName = Randog;
			productReference = 53356F8D229DE511007CA5DA /* Randog.app */;
			productType = "com.apple.product-type.application";
		};
/* End PBXNativeTarget section */

/* Begin PBXProject section */
		53356F85229DE510007CA5DA /* Project object */ = {
			isa = PBXProject;
			attributes = {
				LastSwiftUpdateCheck = 1020;
				LastUpgradeCheck = 1020;
				ORGANIZATIONNAME = abdullah;
				TargetAttributes = {
					53356F8C229DE510007CA5DA = {
						CreatedOnToolsVersion = 10.2.1;
					};
				};
			};
			buildConfigurationList = 53356F88229DE510007CA5DA /* Build configuration list for PBXProject "Randog" */;
			compatibilityVersion = "Xcode 9.3";
			developmentRegion = en;
			hasScannedForEncodings = 0;
			knownRegions = (
				en,
				Base,
			);
			mainGroup = 53356F84229DE510007CA5DA;
			productRefGroup = 53356F8E229DE511007CA5DA /* Products */;
			projectDirPath = "";
			projectRoot = "";
			targets = (
				53356F8C229DE510007CA5DA /* Randog */,
			);
		};
/* End PBXProject section */

/* Begin PBXResourcesBuildPhase section */
		53356F8B229DE510007CA5DA /* Resources */ = {
			isa = PBXResourcesBuildPhase;
			buildActionMask = 2147483647;
			files = (
				53356F9B229DE513007CA5DA /* LaunchScreen.storyboard in Resources */,
				53356F98229DE513007CA5DA /* Assets.xcassets in Resources */,
				53356F96229DE511007CA5DA /* Main.storyboard in Resources */,
			);
			runOnlyForDeploymentPostprocessing = 0;
		};
/* End PBXResourcesBuildPhase section */

/* Begin PBXSourcesBuildPhase section */
		53356F89229DE510007CA5DA /* Sources */ = {
			isa = PBXSourcesBuildPhase;
			buildActionMask = 2147483647;
			files = (
				53356F93229DE511007CA5DA /*  ViewController.swift in Sources */,
				53356F91229DE511007CA5DA /* AppDelegate.swift in Sources */,
				53356FAA22A9D207007CA5DA /* BreedsListResponse.swift in Sources */,
				53356FA822A01FCE007CA5DA /* DogImage.swift in Sources */,
				53356FA6229E0656007CA5DA /* DogAPI.swift in Sources */,
			);
			runOnlyForDeploymentPostprocessing = 0;
		};
/* End PBXSourcesBuildPhase section */

/* Begin PBXVariantGroup section */
		53356F94229DE511007CA5DA /* Main.storyboard */ = {
			isa = PBXVariantGroup;
			children = (
				53356F95229DE511007CA5DA /* Base */,
			);
			name = Main.storyboard;
			sourceTree = "<group>";
		};
		53356F99229DE513007CA5DA /* LaunchScreen.storyboard */ = {
			isa = PBXVariantGroup;
			children = (
				53356F9A229DE513007CA5DA /* Base */,
			);
			name = LaunchScreen.storyboard;
			sourceTree = "<group>";
		};
/* End PBXVariantGroup section */

/* Begin XCBuildConfiguration section */
		53356F9D229DE513007CA5DA /* Debug */ = {
			isa = XCBuildConfiguration;
			buildSettings = {
				ALWAYS_SEARCH_USER_PATHS = NO;
				CLANG_ANALYZER_NONNULL = YES;
				CLANG_ANALYZER_NUMBER_OBJECT_CONVERSION = YES_AGGRESSIVE;
				CLANG_CXX_LANGUAGE_STANDARD = "gnu++14";
				CLANG_CXX_LIBRARY = "libc++";
				CLANG_ENABLE_MODULES = YES;
				CLANG_ENABLE_OBJC_ARC = YES;
				CLANG_ENABLE_OBJC_WEAK = YES;
				CLANG_WARN_BLOCK_CAPTURE_AUTORELEASING = YES;
				CLANG_WARN_BOOL_CONVERSION = YES;
				CLANG_WARN_COMMA = YES;
				CLANG_WARN_CONSTANT_CONVERSION = YES;
				CLANG_WARN_DEPRECATED_OBJC_IMPLEMENTATIONS = YES;
				CLANG_WARN_DIRECT_OBJC_ISA_USAGE = YES_ERROR;
				CLANG_WARN_DOCUMENTATION_COMMENTS = YES;
				CLANG_WARN_EMPTY_BODY = YES;
				CLANG_WARN_ENUM_CONVERSION = YES;
				CLANG_WARN_INFINITE_RECURSION = YES;
				CLANG_WARN_INT_CONVERSION = YES;
				CLANG_WARN_NON_LITERAL_NULL_CONVERSION = YES;
				CLANG_WARN_OBJC_IMPLICIT_RETAIN_SELF = YES;
				CLANG_WARN_OBJC_LITERAL_CONVERSION = YES;
				CLANG_WARN_OBJC_ROOT_CLASS = YES_ERROR;
				CLANG_WARN_RANGE_LOOP_ANALYSIS = YES;
				CLANG_WARN_STRICT_PROTOTYPES = YES;
				CLANG_WARN_SUSPICIOUS_MOVE = YES;
				CLANG_WARN_UNGUARDED_AVAILABILITY = YES_AGGRESSIVE;
				CLANG_WARN_UNREACHABLE_CODE = YES;
				CLANG_WARN__DUPLICATE_METHOD_MATCH = YES;
				CODE_SIGN_IDENTITY = "iPhone Developer";
				COPY_PHASE_STRIP = NO;
				DEBUG_INFORMATION_FORMAT = dwarf;
				ENABLE_STRICT_OBJC_MSGSEND = YES;
				ENABLE_TESTABILITY = YES;
				GCC_C_LANGUAGE_STANDARD = gnu11;
				GCC_DYNAMIC_NO_PIC = NO;
				GCC_NO_COMMON_BLOCKS = YES;
				GCC_OPTIMIZATION_LEVEL = 0;
				GCC_PREPROCESSOR_DEFINITIONS = (
					"DEBUG=1",
					"$(inherited)",
				);
				GCC_WARN_64_TO_32_BIT_CONVERSION = YES;
				GCC_WARN_ABOUT_RETURN_TYPE = YES_ERROR;
				GCC_WARN_UNDECLARED_SELECTOR = YES;
				GCC_WARN_UNINITIALIZED_AUTOS = YES_AGGRESSIVE;
				GCC_WARN_UNUSED_FUNCTION = YES;
				GCC_WARN_UNUSED_VARIABLE = YES;
				IPHONEOS_DEPLOYMENT_TARGET = 12.2;
				MTL_ENABLE_DEBUG_INFO = INCLUDE_SOURCE;
				MTL_FAST_MATH = YES;
				ONLY_ACTIVE_ARCH = YES;
				SDKROOT = iphoneos;
				SWIFT_ACTIVE_COMPILATION_CONDITIONS = DEBUG;
				SWIFT_OPTIMIZATION_LEVEL = "-Onone";
			};
			name = Debug;
		};
		53356F9E229DE513007CA5DA /* Release */ = {
			isa = XCBuildConfiguration;
			buildSettings = {
				ALWAYS_SEARCH_USER_PATHS = NO;
				CLANG_ANALYZER_NONNULL = YES;
				CLANG_ANALYZER_NUMBER_OBJECT_CONVERSION = YES_AGGRESSIVE;
				CLANG_CXX_LANGUAGE_STANDARD = "gnu++14";
				CLANG_CXX_LIBRARY = "libc++";
				CLANG_ENABLE_MODULES = YES;
				CLANG_ENABLE_OBJC_ARC = YES;
				CLANG_ENABLE_OBJC_WEAK = YES;
				CLANG_WARN_BLOCK_CAPTURE_AUTORELEASING = YES;
				CLANG_WARN_BOOL_CONVERSION = YES;
				CLANG_WARN_COMMA = YES;
				CLANG_WARN_CONSTANT_CONVERSION = YES;
				CLANG_WARN_DEPRECATED_OBJC_IMPLEMENTATIONS = YES;
				CLANG_WARN_DIRECT_OBJC_ISA_USAGE = YES_ERROR;
				CLANG_WARN_DOCUMENTATION_COMMENTS = YES;
				CLANG_WARN_EMPTY_BODY = YES;
				CLANG_WARN_ENUM_CONVERSION = YES;
				CLANG_WARN_INFINITE_RECURSION = YES;
				CLANG_WARN_INT_CONVERSION = YES;
				CLANG_WARN_NON_LITERAL_NULL_CONVERSION = YES;
				CLANG_WARN_OBJC_IMPLICIT_RETAIN_SELF = YES;
				CLANG_WARN_OBJC_LITERAL_CONVERSION = YES;
				CLANG_WARN_OBJC_ROOT_CLASS = YES_ERROR;
				CLANG_WARN_RANGE_LOOP_ANALYSIS = YES;
				CLANG_WARN_STRICT_PROTOTYPES = YES;
				CLANG_WARN_SUSPICIOUS_MOVE = YES;
				CLANG_WARN_UNGUARDED_AVAILABILITY = YES_AGGRESSIVE;
				CLANG_WARN_UNREACHABLE_CODE = YES;
				CLANG_WARN__DUPLICATE_METHOD_MATCH = YES;
				CODE_SIGN_IDENTITY = "iPhone Developer";
				COPY_PHASE_STRIP = NO;
				DEBUG_INFORMATION_FORMAT = "dwarf-with-dsym";
				ENABLE_NS_ASSERTIONS = NO;
				ENABLE_STRICT_OBJC_MSGSEND = YES;
				GCC_C_LANGUAGE_STANDARD = gnu11;
				GCC_NO_COMMON_BLOCKS = YES;
				GCC_WARN_64_TO_32_BIT_CONVERSION = YES;
				GCC_WARN_ABOUT_RETURN_TYPE = YES_ERROR;
				GCC_WARN_UNDECLARED_SELECTOR = YES;
				GCC_WARN_UNINITIALIZED_AUTOS = YES_AGGRESSIVE;
				GCC_WARN_UNUSED_FUNCTION = YES;
				GCC_WARN_UNUSED_VARIABLE = YES;
				IPHONEOS_DEPLOYMENT_TARGET = 12.2;
				MTL_ENABLE_DEBUG_INFO = NO;
				MTL_FAST_MATH = YES;
				SDKROOT = iphoneos;
				SWIFT_COMPILATION_MODE = wholemodule;
				SWIFT_OPTIMIZATION_LEVEL = "-O";
				VALIDATE_PRODUCT = YES;
			};
			name = Release;
		};
		53356FA0229DE513007CA5DA /* Debug */ = {
			isa = XCBuildConfiguration;
			buildSettings = {
				ASSETCATALOG_COMPILER_APPICON_NAME = AppIcon;
				CODE_SIGN_STYLE = Automatic;
				DEVELOPMENT_TEAM = 7Y47B8B8YQ;
				INFOPLIST_FILE = Randog/Info.plist;
				LD_RUNPATH_SEARCH_PATHS = (
					"$(inherited)",
					"@executable_path/Frameworks",
				);
				PRODUCT_BUNDLE_IDENTIFIER = "com.-abdullah.Randog";
				PRODUCT_NAME = "$(TARGET_NAME)";
				SWIFT_VERSION = 5.0;
				TARGETED_DEVICE_FAMILY = "1,2";
			};
			name = Debug;
		};
		53356FA1229DE513007CA5DA /* Release */ = {
			isa = XCBuildConfiguration;
			buildSettings = {
				ASSETCATALOG_COMPILER_APPICON_NAME = AppIcon;
				CODE_SIGN_STYLE = Automatic;
				DEVELOPMENT_TEAM = 7Y47B8B8YQ;
				INFOPLIST_FILE = Randog/Info.plist;
				LD_RUNPATH_SEARCH_PATHS = (
					"$(inherited)",
					"@executable_path/Frameworks",
				);
				PRODUCT_BUNDLE_IDENTIFIER = "com.-abdullah.Randog";
				PRODUCT_NAME = "$(TARGET_NAME)";
				SWIFT_VERSION = 5.0;
				TARGETED_DEVICE_FAMILY = "1,2";
			};
			name = Release;
		};
/* End XCBuildConfiguration section */

/* Begin XCConfigurationList section */
		53356F88229DE510007CA5DA /* Build configuration list for PBXProject "Randog" */ = {
			isa = XCConfigurationList;
			buildConfigurations = (
				53356F9D229DE513007CA5DA /* Debug */,
				53356F9E229DE513007CA5DA /* Release */,
			);
			defaultConfigurationIsVisible = 0;
			defaultConfigurationName = Release;
		};
		53356F9F229DE513007CA5DA /* Build configuration list for PBXNativeTarget "Randog" */ = {
			isa = XCConfigurationList;
			buildConfigurations = (
				53356FA0229DE513007CA5DA /* Debug */,
				53356FA1229DE513007CA5DA /* Release */,
			);
			defaultConfigurationIsVisible = 0;
			defaultConfigurationName = Release;
		};
/* End XCConfigurationList section */
	};
	rootObject = 53356F85229DE510007CA5DA /* Project object */;
}
